
Microsoft Visual Studio Solution File, Format Version 12.00
# Visual Studio 14
VisualStudioVersion = 14.0.25420.1
MinimumVisualStudioVersion = 10.0.40219.1
Project("{2150E333-8FDC-42A3-9474-1A3956D46DE8}") = "SCF.ServiceRepository", "SCF.ServiceRepository", "{5DDD0943-16CD-4C1E-A6CB-063CF28B5C2E}"
EndProject
Project("{2150E333-8FDC-42A3-9474-1A3956D46DE8}") = "SCF.MonitoringCenter", "SCF.MonitoringCenter", "{11B319AD-A264-404B-A98B-9463C6097717}"
EndProject
Project("{FAE04EC0-301F-11D3-BF4B-00C04F79EFBC}") = "Core", "Core\Core.csproj", "{38ADFC2F-C53C-4DF1-85D4-BD38A5FC0319}"
EndProject
Project("{FAE04EC0-301F-11D3-BF4B-00C04F79EFBC}") = "SCF.ServiceAdaptors", "SCF.ServiceAdaptors\SCF.ServiceAdaptors.csproj", "{56606DFD-9419-425D-AF1B-B4630EC60F58}"
EndProject
Project("{FAE04EC0-301F-11D3-BF4B-00C04F79EFBC}") = "SCF.WorkflowEngine", "SCF.WorkflowEngine\SCF.WorkflowEngine.csproj", "{C7F4C63E-AED6-40EB-9C43-D43B80E152B7}"
EndProject
Global
	GlobalSection(SolutionConfigurationPlatforms) = preSolution
		Debug|Any CPU = Debug|Any CPU
		Release|Any CPU = Release|Any CPU
	EndGlobalSection
	GlobalSection(ProjectConfigurationPlatforms) = postSolution
		{38ADFC2F-C53C-4DF1-85D4-BD38A5FC0319}.Debug|Any CPU.ActiveCfg = Debug|Any CPU
		{38ADFC2F-C53C-4DF1-85D4-BD38A5FC0319}.Debug|Any CPU.Build.0 = Debug|Any CPU
		{38ADFC2F-C53C-4DF1-85D4-BD38A5FC0319}.Release|Any CPU.ActiveCfg = Release|Any CPU
		{38ADFC2F-C53C-4DF1-85D4-BD38A5FC0319}.Release|Any CPU.Build.0 = Release|Any CPU
		{56606DFD-9419-425D-AF1B-B4630EC60F58}.Debug|Any CPU.ActiveCfg = Debug|Any CPU
		{56606DFD-9419-425D-AF1B-B4630EC60F58}.Debug|Any CPU.Build.0 = Debug|Any CPU
		{56606DFD-9419-425D-AF1B-B4630EC60F58}.Release|Any CPU.ActiveCfg = Release|Any CPU
		{56606DFD-9419-425D-AF1B-B4630EC60F58}.Release|Any CPU.Build.0 = Release|Any CPU
		{C7F4C63E-AED6-40EB-9C43-D43B80E152B7}.Debug|Any CPU.ActiveCfg = Debug|Any CPU
		{C7F4C63E-AED6-40EB-9C43-D43B80E152B7}.Debug|Any CPU.Build.0 = Debug|Any CPU
		{C7F4C63E-AED6-40EB-9C43-D43B80E152B7}.Release|Any CPU.ActiveCfg = Release|Any CPU
		{C7F4C63E-AED6-40EB-9C43-D43B80E152B7}.Release|Any CPU.Build.0 = Release|Any CPU
	EndGlobalSection
	GlobalSection(SolutionProperties) = preSolution
		HideSolutionNode = FALSE
	EndGlobalSection
EndGlobal
